
Microsoft Visual Studio Solution File, Format Version 12.00
# Visual Studio Version 17
VisualStudioVersion = 17.11.35312.102
MinimumVisualStudioVersion = 10.0.40219.1
Project("{FAE04EC0-301F-11D3-BF4B-00C04F79EFBC}") = "13_DZ_Parallel", "13_DZ_Parallel\13_DZ_Parallel.csproj", "{1209DCE5-D1A7-436C-8280-0221A78849D0}"
EndProject
Global
	GlobalSection(SolutionConfigurationPlatforms) = preSolution
		Debug|Any CPU = Debug|Any CPU
		Release|Any CPU = Release|Any CPU
	EndGlobalSection
	GlobalSection(ProjectConfigurationPlatforms) = postSolution
		{1209DCE5-D1A7-436C-8280-0221A78849D0}.Debug|Any CPU.ActiveCfg = Debug|Any CPU
		{1209DCE5-D1A7-436C-8280-0221A78849D0}.Debug|Any CPU.Build.0 = Debug|Any CPU
		{1209DCE5-D1A7-436C-8280-0221A78849D0}.Release|Any CPU.ActiveCfg = Release|Any CPU
		{1209DCE5-D1A7-436C-8280-0221A78849D0}.Release|Any CPU.Build.0 = Release|Any CPU
	EndGlobalSection
	GlobalSection(SolutionProperties) = preSolution
		HideSolutionNode = FALSE
	EndGlobalSection
	GlobalSection(ExtensibilityGlobals) = postSolution
		SolutionGuid = {27633562-5446-45A7-BA21-FF3801F38078}
	EndGlobalSection
EndGlobal
